Microsoft Visual Studio Solution File, Format Version 12.00
# Visual Studio 15
VisualStudioVersion = 15.0.27130.2036
MinimumVisualStudioVersion = 15.0.26124.0
Project("{9A19103F-16F7-4668-BE54-9A1E7A4F7556}") = "BeatSinger", "BeatSinger\BeatSinger.csproj", "{FD771B18-FAA7-4072-8A9C-CE651F8506C2}"
EndProject
Global
	GlobalSection(SolutionConfigurationPlatforms) = preSolution
		Debug|Any CPU = Debug|Any CPU
		Debug|x64 = Debug|x64
		Debug|x86 = Debug|x86
		Release|Any CPU = Release|Any CPU
		Release|x64 = Release|x64
		Release|x86 = Release|x86
	EndGlobalSection
	GlobalSection(ProjectConfigurationPlatforms) = postSolution
		{FD771B18-FAA7-4072-8A9C-CE651F8506C2}.Debug|Any CPU.ActiveCfg = Debug|Any CPU
		{FD771B18-FAA7-4072-8A9C-CE651F8506C2}.Debug|Any CPU.Build.0 = Debug|Any CPU
		{FD771B18-FAA7-4072-8A9C-CE651F8506C2}.Debug|x64.ActiveCfg = Debug|Any CPU
		{FD771B18-FAA7-4072-8A9C-CE651F8506C2}.Debug|x64.Build.0 = Debug|Any CPU
		{FD771B18-FAA7-4072-8A9C-CE651F8506C2}.Debug|x86.ActiveCfg = Debug|Any CPU
		{FD771B18-FAA7-4072-8A9C-CE651F8506C2}.Debug|x86.Build.0 = Debug|Any CPU
		{FD771B18-FAA7-4072-8A9C-CE651F8506C2}.Release|Any CPU.ActiveCfg = Release|Any CPU
		{FD771B18-FAA7-4072-8A9C-CE651F8506C2}.Release|Any CPU.Build.0 = Release|Any CPU
		{FD771B18-FAA7-4072-8A9C-CE651F8506C2}.Release|x64.ActiveCfg = Release|Any CPU
		{FD771B18-FAA7-4072-8A9C-CE651F8506C2}.Release|x64.Build.0 = Release|Any CPU
		{FD771B18-FAA7-4072-8A9C-CE651F8506C2}.Release|x86.ActiveCfg = Release|Any CPU
		{FD771B18-FAA7-4072-8A9C-CE651F8506C2}.Release|x86.Build.0 = Release|Any CPU
	EndGlobalSection
	GlobalSection(SolutionProperties) = preSolution
		HideSolutionNode = FALSE
	EndGlobalSection
	GlobalSection(ExtensibilityGlobals) = postSolution
		SolutionGuid = {6A39602F-FA72-4B1C-8D3B-CBA1EBB9A250}
	EndGlobalSection
EndGlobal
